
Microsoft Visual Studio Solution File, Format Version 12.00
# Visual Studio Version 16
VisualStudioVersion = 16.0.29519.87
MinimumVisualStudioVersion = 10.0.40219.1
Project("{FAE04EC0-301F-11D3-BF4B-00C04F79EFBC}") = "Angular8Asp", "Angular8Asp\Angular8Asp.csproj", "{C13ABE5E-D73F-48BA-A260-159879EE5551}"
EndProject
Global
	GlobalSection(SolutionConfigurationPlatforms) = preSolution
		Debug|Any CPU = Debug|Any CPU
		Release|Any CPU = Release|Any CPU
	EndGlobalSection
	GlobalSection(ProjectConfigurationPlatforms) = postSolution
		{C13ABE5E-D73F-48BA-A260-159879EE5551}.Debug|Any CPU.ActiveCfg = Debug|Any CPU
		{C13ABE5E-D73F-48BA-A260-159879EE5551}.Debug|Any CPU.Build.0 = Debug|Any CPU
		{C13ABE5E-D73F-48BA-A260-159879EE5551}.Release|Any CPU.ActiveCfg = Release|Any CPU
		{C13ABE5E-D73F-48BA-A260-159879EE5551}.Release|Any CPU.Build.0 = Release|Any CPU
	EndGlobalSection
	GlobalSection(SolutionProperties) = preSolution
		HideSolutionNode = FALSE
	EndGlobalSection
	GlobalSection(ExtensibilityGlobals) = postSolution
		SolutionGuid = {4EAE4823-55EE-4FE4-ACFF-63EF64A530D5}
	EndGlobalSection
EndGlobal
